
Microsoft Visual Studio Solution File, Format Version 12.00
# Visual Studio Version 17
VisualStudioVersion = 17.14.36327.8
MinimumVisualStudioVersion = 10.0.40219.1
Project("{FAE04EC0-301F-11D3-BF4B-00C04F79EFBC}") = "ConsoleApp.OutputDemo", "ConsoleApp.OutputDemo\ConsoleApp.OutputDemo.csproj", "{9206A20B-20A4-48D4-9DCD-BA572D268DA7}"
EndProject
Project("{FAE04EC0-301F-11D3-BF4B-00C04F79EFBC}") = "ConsoleApp.VariablesDemo", "ConsoleApp.VariablesDemo\ConsoleApp.VariablesDemo.csproj", "{020A8A6A-9B5F-486F-AE97-BD588E4D759F}"
EndProject
Project("{FAE04EC0-301F-11D3-BF4B-00C04F79EFBC}") = "ConsoleApp.UserInput", "ConsoleApp.UserInput\ConsoleApp.UserInput.csproj", "{DAC87D4F-EB72-4B86-A6F0-CF5305535BE6}"
EndProject
Project("{FAE04EC0-301F-11D3-BF4B-00C04F79EFBC}") = "ConsoleApp.Operators", "ConsoleApp.Operators\ConsoleApp.Operators.csproj", "{44AF14AE-14D5-42AC-9F7B-B78766B23A7D}"
EndProject
Project("{FAE04EC0-301F-11D3-BF4B-00C04F79EFBC}") = "ConsoleApp.ConditionsAndDecisions", "ConsoleApp.ConditionsAndDecisions\ConsoleApp.ConditionsAndDecisions.csproj", "{15A783FF-95C4-40A8-9DA0-504E6D4A10D4}"
EndProject
Project("{FAE04EC0-301F-11D3-BF4B-00C04F79EFBC}") = "ConsoleApp.SampleCalculator", "ConsoleApp.SampleCalculator\ConsoleApp.SampleCalculator.csproj", "{C4F1D949-726A-4F37-8970-CC9DCAE34395}"
EndProject
Project("{FAE04EC0-301F-11D3-BF4B-00C04F79EFBC}") = "ConsoleApp.Loops", "ConsoleApp.Loops\ConsoleApp.Loops.csproj", "{7C58C370-ED5E-4CE4-9586-C7E9E95DA921}"
EndProject
Project("{FAE04EC0-301F-11D3-BF4B-00C04F79EFBC}") = "ConsoleApp.ExceptionHandlingDemo", "ConsoleApp.ExceptionHandlingDemo\ConsoleApp.ExceptionHandlingDemo.csproj", "{363B834A-AF51-4A12-B943-512EC2147885}"
EndProject
Project("{FAE04EC0-301F-11D3-BF4B-00C04F79EFBC}") = "ConsoleApp.StringManipulation", "ConsoleApp.StringManipulation\ConsoleApp.StringManipulation.csproj", "{58177B6F-F5E9-4DF6-A374-9C8AF5220DAE}"
EndProject
Global
	GlobalSection(SolutionConfigurationPlatforms) = preSolution
		Debug|Any CPU = Debug|Any CPU
		Debug|x64 = Debug|x64
		Debug|x86 = Debug|x86
		Release|Any CPU = Release|Any CPU
		Release|x64 = Release|x64
		Release|x86 = Release|x86
	EndGlobalSection
	GlobalSection(ProjectConfigurationPlatforms) = postSolution
		{9206A20B-20A4-48D4-9DCD-BA572D268DA7}.Debug|Any CPU.ActiveCfg = Debug|Any CPU
		{9206A20B-20A4-48D4-9DCD-BA572D268DA7}.Debug|Any CPU.Build.0 = Debug|Any CPU
		{9206A20B-20A4-48D4-9DCD-BA572D268DA7}.Debug|x64.ActiveCfg = Debug|Any CPU
		{9206A20B-20A4-48D4-9DCD-BA572D268DA7}.Debug|x64.Build.0 = Debug|Any CPU
		{9206A20B-20A4-48D4-9DCD-BA572D268DA7}.Debug|x86.ActiveCfg = Debug|Any CPU
		{9206A20B-20A4-48D4-9DCD-BA572D268DA7}.Debug|x86.Build.0 = Debug|Any CPU
		{9206A20B-20A4-48D4-9DCD-BA572D268DA7}.Release|Any CPU.ActiveCfg = Release|Any CPU
		{9206A20B-20A4-48D4-9DCD-BA572D268DA7}.Release|Any CPU.Build.0 = Release|Any CPU
		{9206A20B-20A4-48D4-9DCD-BA572D268DA7}.Release|x64.ActiveCfg = Release|Any CPU
		{9206A20B-20A4-48D4-9DCD-BA572D268DA7}.Release|x64.Build.0 = Release|Any CPU
		{9206A20B-20A4-48D4-9DCD-BA572D268DA7}.Release|x86.ActiveCfg = Release|Any CPU
		{9206A20B-20A4-48D4-9DCD-BA572D268DA7}.Release|x86.Build.0 = Release|Any CPU
		{020A8A6A-9B5F-486F-AE97-BD588E4D759F}.Debug|Any CPU.ActiveCfg = Debug|Any CPU
		{020A8A6A-9B5F-486F-AE97-BD588E4D759F}.Debug|Any CPU.Build.0 = Debug|Any CPU
		{020A8A6A-9B5F-486F-AE97-BD588E4D759F}.Debug|x64.ActiveCfg = Debug|Any CPU
		{020A8A6A-9B5F-486F-AE97-BD588E4D759F}.Debug|x64.Build.0 = Debug|Any CPU
		{020A8A6A-9B5F-486F-AE97-BD588E4D759F}.Debug|x86.ActiveCfg = Debug|Any CPU
		{020A8A6A-9B5F-486F-AE97-BD588E4D759F}.Debug|x86.Build.0 = Debug|Any CPU
		{020A8A6A-9B5F-486F-AE97-BD588E4D759F}.Release|Any CPU.ActiveCfg = Release|Any CPU
		{020A8A6A-9B5F-486F-AE97-BD588E4D759F}.Release|Any CPU.Build.0 = Release|Any CPU
		{020A8A6A-9B5F-486F-AE97-BD588E4D759F}.Release|x64.ActiveCfg = Release|Any CPU
		{020A8A6A-9B5F-486F-AE97-BD588E4D759F}.Release|x64.Build.0 = Release|Any CPU
		{020A8A6A-9B5F-486F-AE97-BD588E4D759F}.Release|x86.ActiveCfg = Release|Any CPU
		{020A8A6A-9B5F-486F-AE97-BD588E4D759F}.Release|x86.Build.0 = Release|Any CPU
		{DAC87D4F-EB72-4B86-A6F0-CF5305535BE6}.Debug|Any CPU.ActiveCfg = Debug|Any CPU
		{DAC87D4F-EB72-4B86-A6F0-CF5305535BE6}.Debug|Any CPU.Build.0 = Debug|Any CPU
		{DAC87D4F-EB72-4B86-A6F0-CF5305535BE6}.Debug|x64.ActiveCfg = Debug|Any CPU
		{DAC87D4F-EB72-4B86-A6F0-CF5305535BE6}.Debug|x64.Build.0 = Debug|Any CPU
		{DAC87D4F-EB72-4B86-A6F0-CF5305535BE6}.Debug|x86.ActiveCfg = Debug|Any CPU
		{DAC87D4F-EB72-4B86-A6F0-CF5305535BE6}.Debug|x86.Build.0 = Debug|Any CPU
		{DAC87D4F-EB72-4B86-A6F0-CF5305535BE6}.Release|Any CPU.ActiveCfg = Release|Any CPU
		{DAC87D4F-EB72-4B86-A6F0-CF5305535BE6}.Release|Any CPU.Build.0 = Release|Any CPU
		{DAC87D4F-EB72-4B86-A6F0-CF5305535BE6}.Release|x64.ActiveCfg = Release|Any CPU
		{DAC87D4F-EB72-4B86-A6F0-CF5305535BE6}.Release|x64.Build.0 = Release|Any CPU
		{DAC87D4F-EB72-4B86-A6F0-CF5305535BE6}.Release|x86.ActiveCfg = Release|Any CPU
		{DAC87D4F-EB72-4B86-A6F0-CF5305535BE6}.Release|x86.Build.0 = Release|Any CPU
		{44AF14AE-14D5-42AC-9F7B-B78766B23A7D}.Debug|Any CPU.ActiveCfg = Debug|Any CPU
		{44AF14AE-14D5-42AC-9F7B-B78766B23A7D}.Debug|Any CPU.Build.0 = Debug|Any CPU
		{44AF14AE-14D5-42AC-9F7B-B78766B23A7D}.Debug|x64.ActiveCfg = Debug|Any CPU
		{44AF14AE-14D5-42AC-9F7B-B78766B23A7D}.Debug|x64.Build.0 = Debug|Any CPU
		{44AF14AE-14D5-42AC-9F7B-B78766B23A7D}.Debug|x86.ActiveCfg = Debug|Any CPU
		{44AF14AE-14D5-42AC-9F7B-B78766B23A7D}.Debug|x86.Build.0 = Debug|Any CPU
		{44AF14AE-14D5-42AC-9F7B-B78766B23A7D}.Release|Any CPU.ActiveCfg = Release|Any CPU
		{44AF14AE-14D5-42AC-9F7B-B78766B23A7D}.Release|Any CPU.Build.0 = Release|Any CPU
		{44AF14AE-14D5-42AC-9F7B-B78766B23A7D}.Release|x64.ActiveCfg = Release|Any CPU
		{44AF14AE-14D5-42AC-9F7B-B78766B23A7D}.Release|x64.Build.0 = Release|Any CPU
		{44AF14AE-14D5-42AC-9F7B-B78766B23A7D}.Release|x86.ActiveCfg = Release|Any CPU
		{44AF14AE-14D5-42AC-9F7B-B78766B23A7D}.Release|x86.Build.0 = Release|Any CPU
		{15A783FF-95C4-40A8-9DA0-504E6D4A10D4}.Debug|Any CPU.ActiveCfg = Debug|Any CPU
		{15A783FF-95C4-40A8-9DA0-504E6D4A10D4}.Debug|Any CPU.Build.0 = Debug|Any CPU
		{15A783FF-95C4-40A8-9DA0-504E6D4A10D4}.Debug|x64.ActiveCfg = Debug|Any CPU
		{15A783FF-95C4-40A8-9DA0-504E6D4A10D4}.Debug|x64.Build.0 = Debug|Any CPU
		{15A783FF-95C4-40A8-9DA0-504E6D4A10D4}.Debug|x86.ActiveCfg = Debug|Any CPU
		{15A783FF-95C4-40A8-9DA0-504E6D4A10D4}.Debug|x86.Build.0 = Debug|Any CPU
		{15A783FF-95C4-40A8-9DA0-504E6D4A10D4}.Release|Any CPU.ActiveCfg = Release|Any CPU
		{15A783FF-95C4-40A8-9DA0-504E6D4A10D4}.Release|Any CPU.Build.0 = Release|Any CPU
		{15A783FF-95C4-40A8-9DA0-504E6D4A10D4}.Release|x64.ActiveCfg = Release|Any CPU
		{15A783FF-95C4-40A8-9DA0-504E6D4A10D4}.Release|x64.Build.0 = Release|Any CPU
		{15A783FF-95C4-40A8-9DA0-504E6D4A10D4}.Release|x86.ActiveCfg = Release|Any CPU
		{15A783FF-95C4-40A8-9DA0-504E6D4A10D4}.Release|x86.Build.0 = Release|Any CPU
		{C4F1D949-726A-4F37-8970-CC9DCAE34395}.Debug|Any CPU.ActiveCfg = Debug|Any CPU
		{C4F1D949-726A-4F37-8970-CC9DCAE34395}.Debug|Any CPU.Build.0 = Debug|Any CPU
		{C4F1D949-726A-4F37-8970-CC9DCAE34395}.Debug|x64.ActiveCfg = Debug|Any CPU
		{C4F1D949-726A-4F37-8970-CC9DCAE34395}.Debug|x64.Build.0 = Debug|Any CPU
		{C4F1D949-726A-4F37-8970-CC9DCAE34395}.Debug|x86.ActiveCfg = Debug|Any CPU
		{C4F1D949-726A-4F37-8970-CC9DCAE34395}.Debug|x86.Build.0 = Debug|Any CPU
		{C4F1D949-726A-4F37-8970-CC9DCAE34395}.Release|Any CPU.ActiveCfg = Release|Any CPU
		{C4F1D949-726A-4F37-8970-CC9DCAE34395}.Release|Any CPU.Build.0 = Release|Any CPU
		{C4F1D949-726A-4F37-8970-CC9DCAE34395}.Release|x64.ActiveCfg = Release|Any CPU
		{C4F1D949-726A-4F37-8970-CC9DCAE34395}.Release|x64.Build.0 = Release|Any CPU
		{C4F1D949-726A-4F37-8970-CC9DCAE34395}.Release|x86.ActiveCfg = Release|Any CPU
		{C4F1D949-726A-4F37-8970-CC9DCAE34395}.Release|x86.Build.0 = Release|Any CPU
		{7C58C370-ED5E-4CE4-9586-C7E9E95DA921}.Debug|Any CPU.ActiveCfg = Debug|Any CPU
		{7C58C370-ED5E-4CE4-9586-C7E9E95DA921}.Debug|Any CPU.Build.0 = Debug|Any CPU
		{7C58C370-ED5E-4CE4-9586-C7E9E95DA921}.Debug|x64.ActiveCfg = Debug|Any CPU
		{7C58C370-ED5E-4CE4-9586-C7E9E95DA921}.Debug|x64.Build.0 = Debug|Any CPU
		{7C58C370-ED5E-4CE4-9586-C7E9E95DA921}.Debug|x86.ActiveCfg = Debug|Any CPU
		{7C58C370-ED5E-4CE4-9586-C7E9E95DA921}.Debug|x86.Build.0 = Debug|Any CPU
		{7C58C370-ED5E-4CE4-9586-C7E9E95DA921}.Release|Any CPU.ActiveCfg = Release|Any CPU
		{7C58C370-ED5E-4CE4-9586-C7E9E95DA921}.Release|Any CPU.Build.0 = Release|Any CPU
		{7C58C370-ED5E-4CE4-9586-C7E9E95DA921}.Release|x64.ActiveCfg = Release|Any CPU
		{7C58C370-ED5E-4CE4-9586-C7E9E95DA921}.Release|x64.Build.0 = Release|Any CPU
		{7C58C370-ED5E-4CE4-9586-C7E9E95DA921}.Release|x86.ActiveCfg = Release|Any CPU
		{7C58C370-ED5E-4CE4-9586-C7E9E95DA921}.Release|x86.Build.0 = Release|Any CPU
		{363B834A-AF51-4A12-B943-512EC2147885}.Debug|Any CPU.ActiveCfg = Debug|Any CPU
		{363B834A-AF51-4A12-B943-512EC2147885}.Debug|Any CPU.Build.0 = Debug|Any CPU
		{363B834A-AF51-4A12-B943-512EC2147885}.Debug|x64.ActiveCfg = Debug|Any CPU
		{363B834A-AF51-4A12-B943-512EC2147885}.Debug|x64.Build.0 = Debug|Any CPU
		{363B834A-AF51-4A12-B943-512EC2147885}.Debug|x86.ActiveCfg = Debug|Any CPU
		{363B834A-AF51-4A12-B943-512EC2147885}.Debug|x86.Build.0 = Debug|Any CPU
		{363B834A-AF51-4A12-B943-512EC2147885}.Release|Any CPU.ActiveCfg = Release|Any CPU
		{363B834A-AF51-4A12-B943-512EC2147885}.Release|Any CPU.Build.0 = Release|Any CPU
		{363B834A-AF51-4A12-B943-512EC2147885}.Release|x64.ActiveCfg = Release|Any CPU
		{363B834A-AF51-4A12-B943-512EC2147885}.Release|x64.Build.0 = Release|Any CPU
		{363B834A-AF51-4A12-B943-512EC2147885}.Release|x86.ActiveCfg = Release|Any CPU
		{363B834A-AF51-4A12-B943-512EC2147885}.Release|x86.Build.0 = Release|Any CPU
		{58177B6F-F5E9-4DF6-A374-9C8AF5220DAE}.Debug|Any CPU.ActiveCfg = Debug|Any CPU
		{58177B6F-F5E9-4DF6-A374-9C8AF5220DAE}.Debug|Any CPU.Build.0 = Debug|Any CPU
		{58177B6F-F5E9-4DF6-A374-9C8AF5220DAE}.Debug|x64.ActiveCfg = Debug|Any CPU
		{58177B6F-F5E9-4DF6-A374-9C8AF5220DAE}.Debug|x64.Build.0 = Debug|Any CPU
		{58177B6F-F5E9-4DF6-A374-9C8AF5220DAE}.Debug|x86.ActiveCfg = Debug|Any CPU
		{58177B6F-F5E9-4DF6-A374-9C8AF5220DAE}.Debug|x86.Build.0 = Debug|Any CPU
		{58177B6F-F5E9-4DF6-A374-9C8AF5220DAE}.Release|Any CPU.ActiveCfg = Release|Any CPU
		{58177B6F-F5E9-4DF6-A374-9C8AF5220DAE}.Release|Any CPU.Build.0 = Release|Any CPU
		{58177B6F-F5E9-4DF6-A374-9C8AF5220DAE}.Release|x64.ActiveCfg = Release|Any CPU
		{58177B6F-F5E9-4DF6-A374-9C8AF5220DAE}.Release|x64.Build.0 = Release|Any CPU
		{58177B6F-F5E9-4DF6-A374-9C8AF5220DAE}.Release|x86.ActiveCfg = Release|Any CPU
		{58177B6F-F5E9-4DF6-A374-9C8AF5220DAE}.Release|x86.Build.0 = Release|Any CPU
	EndGlobalSection
	GlobalSection(SolutionProperties) = preSolution
		HideSolutionNode = FALSE
	EndGlobalSection
	GlobalSection(ExtensibilityGlobals) = postSolution
		SolutionGuid = {E5AA3B94-6E3F-4C5B-96B6-62A86FF2184E}
	EndGlobalSection
EndGlobal
